
Microsoft Visual Studio Solution File, Format Version 12.00
# Visual Studio 2013
VisualStudioVersion = 12.0.21005.1
MinimumVisualStudioVersion = 10.0.40219.1
Project("{F184B08F-C81C-45F6-A57F-5ABD9991F28F}") = "French numbers", "French numbers\French numbers.vbproj", "{85F56BE1-57BD-42AB-B024-51EA1E1AF629}"
EndProject
Global
	GlobalSection(SolutionConfigurationPlatforms) = preSolution
		Debug|Any CPU = Debug|Any CPU
		Release|Any CPU = Release|Any CPU
	EndGlobalSection
	GlobalSection(ProjectConfigurationPlatforms) = postSolution
		{85F56BE1-57BD-42AB-B024-51EA1E1AF629}.Debug|Any CPU.ActiveCfg = Debug|Any CPU
		{85F56BE1-57BD-42AB-B024-51EA1E1AF629}.Debug|Any CPU.Build.0 = Debug|Any CPU
		{85F56BE1-57BD-42AB-B024-51EA1E1AF629}.Release|Any CPU.ActiveCfg = Release|Any CPU
		{85F56BE1-57BD-42AB-B024-51EA1E1AF629}.Release|Any CPU.Build.0 = Release|Any CPU
	EndGlobalSection
	GlobalSection(SolutionProperties) = preSolution
		HideSolutionNode = FALSE
	EndGlobalSection
EndGlobal
